PODS:
  - Flutter (1.0.0)
  - flutter_carplay (1.0.3):
    - Flutter
    - VietMap (= 2.0.0)
    - VietMapCoreNavigation (= 3.0.0)
    - VietMapNavigation (= 3.0.1)
  - VietMap (2.0.0)
  - VietMapCoreNavigation (3.0.0):
    - VietMapDirections.swift (~> 2.0.1)
    - VietMapTurf (~> 1.0.2)
  - VietMapDirections.swift (2.0.1):
    - VietMapPolyline (~> 1.0.4)
  - VietMapNavigation (3.0.1):
    - VietMap (~> 2.0.0)
    - VietMapCoreNavigation (= 3.0.0)
    - VietMapSolar (~> 1.0.3)
    - VietMapSpeech (~> 2.0.1)
  - VietMapPolyline (1.0.6)
  - VietMapSolar (1.0.3)
  - VietMapSpeech (2.0.1)
  - VietMapTurf (1.0.2)

DEPENDENCIES:
  - Flutter (from `Flutter`)
  - flutter_carplay (from `.symlinks/plugins/flutter_carplay/ios`)

SPEC REPOS:
  trunk:
    - VietMap
    - VietMapCoreNavigation
    - VietMapDirections.swift
    - VietMapNavigation
    - VietMapPolyline
    - VietMapSolar
    - VietMapSpeech
    - VietMapTurf

EXTERNAL SOURCES:
  Flutter:
    :path: Flutter
  flutter_carplay:
    :path: ".symlinks/plugins/flutter_carplay/ios"

SPEC CHECKSUMS:
  Flutter: e0871f40cf51350855a761d2e70bf5af5b9b5de7
  flutter_carplay: df8a93de94f2fc9e90dece6f8236c65c0e7c2930
  VietMap: 1fc4a1e27896a19bc8b8a62e2227b1e0116a698d
  VietMapCoreNavigation: 1eda679fee729fd4d928af9e4d5a3811124c96d7
  VietMapDirections.swift: d622c98e381281b39f7dcac2b0445ee2f6e1690e
  VietMapNavigation: 256fedd742c12fdf501a3bcf28a422896e9d0a0f
  VietMapPolyline: e599c6d0a0a4b3672957881e2f666ba2141a4e83
  VietMapSolar: ef412e72efb00b700f2223e701cae66b446bf17b
  VietMapSpeech: fe5bd0c2ed2757aa7ac59337d74480e25e5a36ed
  VietMapTurf: 323ba165ae0aeb0fb6622d427e5341c14f4afada

PODFILE CHECKSUM: c4c93c5f6502fe2754f48404d3594bf779584011

COCOAPODS: 1.15.2
